// !$*UTF8*$!
{
	archiveVersion = 1;
	classes = {
	};
	objectVersion = 46;
	objects = {

/* Begin PBXBuildFile section */
		0A41F5821BD52FEC00363583 /* HeaderView.m in Sources */ = {isa = PBXBuildFile; fileRef = 0A41F5811BD52FEC00363583 /* HeaderView.m */; };
		0A41F5841BD5312600363583 /* HeaderView.xib in Resources */ = {isa = PBXBuildFile; fileRef = 0A41F5831BD5312600363583 /* HeaderView.xib */; };
		0A41F5871BD5361900363583 /* DataLense.m in Sources */ = {isa = PBXBuildFile; fileRef = 0A41F5861BD5361900363583 /* DataLense.m */; };
		0A41F58A1BD53CE200363583 /* Section.m in Sources */ = {isa = PBXBuildFile; fileRef = 0A41F5891BD53CE200363583 /* Section.m */; };
		0A4DE1131BD7A1B20069764F /* ResponsiveCollectionView.m in Sources */ = {isa = PBXBuildFile; fileRef = 0A4DE1121BD7A1B20069764F /* ResponsiveCollectionView.m */; };
		0A563B291BCE900E00A34B8D /* FeelEmoticonView.m in Sources */ = {isa = PBXBuildFile; fileRef = 0A563B281BCE900E00A34B8D /* FeelEmoticonView.m */; };
		0A563B311BCF907000A34B8D /* NSArray+Stuff.m in Sources */ = {isa = PBXBuildFile; fileRef = 0A563B301BCF907000A34B8D /* NSArray+Stuff.m */; };
		0A563B371BCFCC3900A34B8D /* CollectionViewBrowserLayout.m in Sources */ = {isa = PBXBuildFile; fileRef = 0A563B361BCFCC3900A34B8D /* CollectionViewBrowserLayout.m */; };
		0A5E66621BD8048E002362C2 /* FunnyPlaceholders.plist in Resources */ = {isa = PBXBuildFile; fileRef = 0A5E66611BD8048E002362C2 /* FunnyPlaceholders.plist */; };
		0AC67BC21BDDF8AD00D549F2 /* EmoticonValueTransformer.m in Sources */ = {isa = PBXBuildFile; fileRef = 0AC67BC11BDDF8AD00D549F2 /* EmoticonValueTransformer.m */; };
		0AC67BC81BDE360D00D549F2 /* NSFont+EmoticonFont.m in Sources */ = {isa = PBXBuildFile; fileRef = 0AC67BC71BDE360D00D549F2 /* NSFont+EmoticonFont.m */; };
		0AC67BCB1BDE372C00D549F2 /* NSString+EmoticonSize.m in Sources */ = {isa = PBXBuildFile; fileRef = 0AC67BCA1BDE372C00D549F2 /* NSString+EmoticonSize.m */; };
		0AC67BD41BDF89D400D549F2 /* EmoticonRenderer.m in Sources */ = {isa = PBXBuildFile; fileRef = 0AC67BD31BDF89D400D549F2 /* EmoticonRenderer.m */; };
		0ACB695E1BCD02E500268E8E /* AppDelegate.m in Sources */ = {isa = PBXBuildFile; fileRef = 0ACB695D1BCD02E500268E8E /* AppDelegate.m */; };
		0ACB69611BCD02E500268E8E /* main.m in Sources */ = {isa = PBXBuildFile; fileRef = 0ACB69601BCD02E500268E8E /* main.m */; };
		0ACB69631BCD02E500268E8E /* Assets.xcassets in Resources */ = {isa = PBXBuildFile; fileRef = 0ACB69621BCD02E500268E8E /* Assets.xcassets */; };
		0ACB69661BCD02E500268E8E /* MainMenu.xib in Resources */ = {isa = PBXBuildFile; fileRef = 0ACB69641BCD02E500268E8E /* MainMenu.xib */; };
		0ACB698B1BCD099D00268E8E /* BrowserWindow.xib in Resources */ = {isa = PBXBuildFile; fileRef = 0ACB698A1BCD099D00268E8E /* BrowserWindow.xib */; };
		0ACB698E1BCD0A5200268E8E /* App.m in Sources */ = {isa = PBXBuildFile; fileRef = 0ACB698D1BCD0A5200268E8E /* App.m */; };
		0ACB69911BCD0B5100268E8E /* BrowserWindowController.m in Sources */ = {isa = PBXBuildFile; fileRef = 0ACB69901BCD0B5100268E8E /* BrowserWindowController.m */; };
		0ACB69951BCD285D00268E8E /* BrowserCoordinator.m in Sources */ = {isa = PBXBuildFile; fileRef = 0ACB69941BCD285D00268E8E /* BrowserCoordinator.m */; };
		0ACB699C1BCD383C00268E8E /* Feel.m in Sources */ = {isa = PBXBuildFile; fileRef = 0ACB699B1BCD383C00268E8E /* Feel.m */; };
		0ACB69A01BCD546E00268E8E /* FeelViewItem.m in Sources */ = {isa = PBXBuildFile; fileRef = 0ACB699E1BCD546E00268E8E /* FeelViewItem.m */; };
		0ACB69A11BCD546E00268E8E /* FeelEmoticon.xib in Resources */ = {isa = PBXBuildFile; fileRef = 0ACB699F1BCD546E00268E8E /* FeelEmoticon.xib */; };
		0ACB69A31BCD564C00268E8E /* Feels.plist in Resources */ = {isa = PBXBuildFile; fileRef = 0ACB69A21BCD564C00268E8E /* Feels.plist */; };
		0AFD5D421BD667FB00B74C56 /* Credits.rtf in Resources */ = {isa = PBXBuildFile; fileRef = 0AFD5D411BD667FB00B74C56 /* Credits.rtf */; };
/* End PBXBuildFile section */

/* Begin PBXFileReference section */
		0A41F5801BD52FEC00363583 /* HeaderView.h */ = {isa = PBXFileReference; fileEncoding = 4; lastKnownFileType = sourcecode.c.h; path = HeaderView.h; sourceTree = "<group>"; };
		0A41F5811BD52FEC00363583 /* HeaderView.m */ = {isa = PBXFileReference; fileEncoding = 4; lastKnownFileType = sourcecode.c.objc; path = HeaderView.m; sourceTree = "<group>"; };
		0A41F5831BD5312600363583 /* HeaderView.xib */ = {isa = PBXFileReference; fileEncoding = 4; lastKnownFileType = file.xib; path = HeaderView.xib; sourceTree = "<group>"; };
		0A41F5851BD5361900363583 /* DataLense.h */ = {isa = PBXFileReference; fileEncoding = 4; lastKnownFileType = sourcecode.c.h; path = DataLense.h; sourceTree = "<group>"; };
		0A41F5861BD5361900363583 /* DataLense.m */ = {isa = PBXFileReference; fileEncoding = 4; lastKnownFileType = sourcecode.c.objc; path = DataLense.m; sourceTree = "<group>"; };
		0A41F5881BD53CE200363583 /* Section.h */ = {isa = PBXFileReference; fileEncoding = 4; lastKnownFileType = sourcecode.c.h; path = Section.h; sourceTree = "<group>"; };
		0A41F5891BD53CE200363583 /* Section.m */ = {isa = PBXFileReference; fileEncoding = 4; lastKnownFileType = sourcecode.c.objc; path = Section.m; sourceTree = "<group>"; };
		0A4DE1111BD7A1B20069764F /* ResponsiveCollectionView.h */ = {isa = PBXFileReference; fileEncoding = 4; lastKnownFileType = sourcecode.c.h; path = ResponsiveCollectionView.h; sourceTree = "<group>"; };
		0A4DE1121BD7A1B20069764F /* ResponsiveCollectionView.m */ = {isa = PBXFileReference; fileEncoding = 4; lastKnownFileType = sourcecode.c.objc; path = ResponsiveCollectionView.m; sourceTree = "<group>"; };
		0A563B271BCE900E00A34B8D /* FeelEmoticonView.h */ = {isa = PBXFileReference; fileEncoding = 4; lastKnownFileType = sourcecode.c.h; path = FeelEmoticonView.h; sourceTree = "<group>"; };
		0A563B281BCE900E00A34B8D /* FeelEmoticonView.m */ = {isa = PBXFileReference; fileEncoding = 4; lastKnownFileType = sourcecode.c.objc; path = FeelEmoticonView.m; sourceTree = "<group>"; };
		0A563B2A1BCEA41A00A34B8D /* TODO.txt */ = {isa = PBXFileReference; fileEncoding = 4; lastKnownFileType = text; path = TODO.txt; sourceTree = SOURCE_ROOT; };
		0A563B2F1BCF907000A34B8D /* NSArray+Stuff.h */ = {isa = PBXFileReference; fileEncoding = 4; lastKnownFileType = sourcecode.c.h; path = "NSArray+Stuff.h"; sourceTree = "<group>"; };
		0A563B301BCF907000A34B8D /* NSArray+Stuff.m */ = {isa = PBXFileReference; fileEncoding = 4; lastKnownFileType = sourcecode.c.objc; path = "NSArray+Stuff.m"; sourceTree = "<group>"; };
		0A563B351BCFCC3900A34B8D /* CollectionViewBrowserLayout.h */ = {isa = PBXFileReference; fileEncoding = 4; lastKnownFileType = sourcecode.c.h; path = CollectionViewBrowserLayout.h; sourceTree = "<group>"; };
		0A563B361BCFCC3900A34B8D /* CollectionViewBrowserLayout.m */ = {isa = PBXFileReference; fileEncoding = 4; lastKnownFileType = sourcecode.c.objc; path = CollectionViewBrowserLayout.m; sourceTree = "<group>"; };
		0A5E66611BD8048E002362C2 /* FunnyPlaceholders.plist */ = {isa = PBXFileReference; fileEncoding = 4; lastKnownFileType = text.plist.xml; path = FunnyPlaceholders.plist; sourceTree = "<group>"; };
		0AC67BC01BDDF8AD00D549F2 /* EmoticonValueTransformer.h */ = {isa = PBXFileReference; fileEncoding = 4; lastKnownFileType = sourcecode.c.h; path = EmoticonValueTransformer.h; sourceTree = "<group>"; };
		0AC67BC11BDDF8AD00D549F2 /* EmoticonValueTransformer.m */ = {isa = PBXFileReference; fileEncoding = 4; lastKnownFileType = sourcecode.c.objc; path = EmoticonValueTransformer.m; sourceTree = "<group>"; };
		0AC67BC61BDE360D00D549F2 /* NSFont+EmoticonFont.h */ = {isa = PBXFileReference; fileEncoding = 4; lastKnownFileType = sourcecode.c.h; path = "NSFont+EmoticonFont.h"; sourceTree = "<group>"; };
		0AC67BC71BDE360D00D549F2 /* NSFont+EmoticonFont.m */ = {isa = PBXFileReference; fileEncoding = 4; lastKnownFileType = sourcecode.c.objc; path = "NSFont+EmoticonFont.m"; sourceTree = "<group>"; };
		0AC67BC91BDE372C00D549F2 /* NSString+EmoticonSize.h */ = {isa = PBXFileReference; fileEncoding = 4; lastKnownFileType = sourcecode.c.h; path = "NSString+EmoticonSize.h"; sourceTree = "<group>"; };
		0AC67BCA1BDE372C00D549F2 /* NSString+EmoticonSize.m */ = {isa = PBXFileReference; fileEncoding = 4; lastKnownFileType = sourcecode.c.objc; path = "NSString+EmoticonSize.m"; sourceTree = "<group>"; };
		0AC67BD21BDF89D400D549F2 /* EmoticonRenderer.h */ = {isa = PBXFileReference; fileEncoding = 4; lastKnownFileType = sourcecode.c.h; path = EmoticonRenderer.h; sourceTree = "<group>"; };
		0AC67BD31BDF89D400D549F2 /* EmoticonRenderer.m */ = {isa = PBXFileReference; fileEncoding = 4; lastKnownFileType = sourcecode.c.objc; path = EmoticonRenderer.m; sourceTree = "<group>"; };
		0ACB69591BCD02E500268E8E /* Daruma.app */ = {isa = PBXFileReference; explicitFileType = wrapper.application; includeInIndex = 0; path = Daruma.app; sourceTree = BUILT_PRODUCTS_DIR; };
		0ACB695C1BCD02E500268E8E /* AppDelegate.h */ = {isa = PBXFileReference; lastKnownFileType = sourcecode.c.h; path = AppDelegate.h; sourceTree = "<group>"; };
		0ACB695D1BCD02E500268E8E /* AppDelegate.m */ = {isa = PBXFileReference; lastKnownFileType = sourcecode.c.objc; path = AppDelegate.m; sourceTree = "<group>"; };
		0ACB69601BCD02E500268E8E /* main.m */ = {isa = PBXFileReference; lastKnownFileType = sourcecode.c.objc; path = main.m; sourceTree = "<group>"; };
		0ACB69621BCD02E500268E8E /* Assets.xcassets */ = {isa = PBXFileReference; lastKnownFileType = folder.assetcatalog; path = Assets.xcassets; sourceTree = "<group>"; };
		0ACB69651BCD02E500268E8E /* Base */ = {isa = PBXFileReference; lastKnownFileType = file.xib; name = Base; path = Base.lproj/MainMenu.xib; sourceTree = "<group>"; };
		0ACB69671BCD02E500268E8E /* Info.plist */ = {isa = PBXFileReference; lastKnownFileType = text.plist.xml; path = Info.plist; sourceTree = "<group>"; };
		0ACB698A1BCD099D00268E8E /* BrowserWindow.xib */ = {isa = PBXFileReference; fileEncoding = 4; lastKnownFileType = file.xib; path = BrowserWindow.xib; sourceTree = "<group>"; };
		0ACB698C1BCD0A5200268E8E /* App.h */ = {isa = PBXFileReference; fileEncoding = 4; lastKnownFileType = sourcecode.c.h; path = App.h; sourceTree = "<group>"; };
		0ACB698D1BCD0A5200268E8E /* App.m */ = {isa = PBXFileReference; fileEncoding = 4; lastKnownFileType = sourcecode.c.objc; path = App.m; sourceTree = "<group>"; };
		0ACB698F1BCD0B5100268E8E /* BrowserWindowController.h */ = {isa = PBXFileReference; fileEncoding = 4; lastKnownFileType = sourcecode.c.h; path = BrowserWindowController.h; sourceTree = "<group>"; };
		0ACB69901BCD0B5100268E8E /* BrowserWindowController.m */ = {isa = PBXFileReference; fileEncoding = 4; lastKnownFileType = sourcecode.c.objc; path = BrowserWindowController.m; sourceTree = "<group>"; };
		0ACB69931BCD285D00268E8E /* BrowserCoordinator.h */ = {isa = PBXFileReference; fileEncoding = 4; lastKnownFileType = sourcecode.c.h; path = BrowserCoordinator.h; sourceTree = "<group>"; };
		0ACB69941BCD285D00268E8E /* BrowserCoordinator.m */ = {isa = PBXFileReference; fileEncoding = 4; lastKnownFileType = sourcecode.c.objc; path = BrowserCoordinator.m; sourceTree = "<group>"; };
		0ACB699A1BCD383C00268E8E /* Feel.h */ = {isa = PBXFileReference; fileEncoding = 4; lastKnownFileType = sourcecode.c.h; path = Feel.h; sourceTree = "<group>"; };
		0ACB699B1BCD383C00268E8E /* Feel.m */ = {isa = PBXFileReference; fileEncoding = 4; lastKnownFileType = sourcecode.c.objc; path = Feel.m; sourceTree = "<group>"; };
		0ACB699D1BCD546E00268E8E /* FeelViewItem.h */ = {isa = PBXFileReference; fileEncoding = 4; lastKnownFileType = sourcecode.c.h; path = FeelViewItem.h; sourceTree = "<group>"; };
		0ACB699E1BCD546E00268E8E /* FeelViewItem.m */ = {isa = PBXFileReference; fileEncoding = 4; lastKnownFileType = sourcecode.c.objc; path = FeelViewItem.m; sourceTree = "<group>"; };
		0ACB699F1BCD546E00268E8E /* FeelEmoticon.xib */ = {isa = PBXFileReference; fileEncoding = 4; lastKnownFileType = file.xib; path = FeelEmoticon.xib; sourceTree = "<group>"; };
		0ACB69A21BCD564C00268E8E /* Feels.plist */ = {isa = PBXFileReference; fileEncoding = 4; lastKnownFileType = text.plist.xml; path = Feels.plist; sourceTree = "<group>"; };
		0AFD5D411BD667FB00B74C56 /* Credits.rtf */ = {isa = PBXFileReference; fileEncoding = 4; lastKnownFileType = text.rtf; path = Credits.rtf; sourceTree = "<group>"; };
/* End PBXFileReference section */

/* Begin PBXFrameworksBuildPhase section */
		0ACB69561BCD02E500268E8E /* Frameworks */ = {
			isa = PBXFrameworksBuildPhase;
			buildActionMask = 2147483647;
			files = (
			);
			runOnlyForDeploymentPostprocessing = 0;
		};
/* End PBXFrameworksBuildPhase section */

/* Begin PBXGroup section */
		0A563B261BCE8FD800A34B8D /* View */ = {
			isa = PBXGroup;
			children = (
				0A563B271BCE900E00A34B8D /* FeelEmoticonView.h */,
				0A563B281BCE900E00A34B8D /* FeelEmoticonView.m */,
				0A563B351BCFCC3900A34B8D /* CollectionViewBrowserLayout.h */,
				0A563B361BCFCC3900A34B8D /* CollectionViewBrowserLayout.m */,
				0A41F5801BD52FEC00363583 /* HeaderView.h */,
				0A41F5811BD52FEC00363583 /* HeaderView.m */,
				0A4DE1111BD7A1B20069764F /* ResponsiveCollectionView.h */,
				0A4DE1121BD7A1B20069764F /* ResponsiveCollectionView.m */,
			);
			name = View;
			sourceTree = "<group>";
		};
		0A8FE5FE1BE0A07100355ECD /* Rendering */ = {
			isa = PBXGroup;
			children = (
				0AC67BD21BDF89D400D549F2 /* EmoticonRenderer.h */,
				0AC67BD31BDF89D400D549F2 /* EmoticonRenderer.m */,
				0AC67BC61BDE360D00D549F2 /* NSFont+EmoticonFont.h */,
				0AC67BC71BDE360D00D549F2 /* NSFont+EmoticonFont.m */,
				0AC67BC91BDE372C00D549F2 /* NSString+EmoticonSize.h */,
				0AC67BCA1BDE372C00D549F2 /* NSString+EmoticonSize.m */,
			);
			name = Rendering;
			sourceTree = "<group>";
		};
		0ACB69501BCD02E500268E8E = {
			isa = PBXGroup;
			children = (
				0ACB695B1BCD02E500268E8E /* Sources */,
				0ACB695A1BCD02E500268E8E /* Products */,
			);
			sourceTree = "<group>";
		};
		0ACB695A1BCD02E500268E8E /* Products */ = {
			isa = PBXGroup;
			children = (
				0ACB69591BCD02E500268E8E /* Daruma.app */,
			);
			name = Products;
			sourceTree = "<group>";
		};
		0ACB695B1BCD02E500268E8E /* Sources */ = {
			isa = PBXGroup;
			children = (
				0A563B2A1BCEA41A00A34B8D /* TODO.txt */,
				0ACB695C1BCD02E500268E8E /* AppDelegate.h */,
				0ACB695D1BCD02E500268E8E /* AppDelegate.m */,
				0ACB698C1BCD0A5200268E8E /* App.h */,
				0ACB698D1BCD0A5200268E8E /* App.m */,
				0ACB69921BCD0EC700268E8E /* Browser */,
				0ACB69891BCD097700268E8E /* Resources */,
				0ACB695F1BCD02E500268E8E /* Supporting Files */,
			);
			name = Sources;
			path = Daruma;
			sourceTree = "<group>";
		};
		0ACB695F1BCD02E500268E8E /* Supporting Files */ = {
			isa = PBXGroup;
			children = (
				0ACB69601BCD02E500268E8E /* main.m */,
			);
			name = "Supporting Files";
			sourceTree = "<group>";
		};
		0ACB69891BCD097700268E8E /* Resources */ = {
			isa = PBXGroup;
			children = (
				0AFD5D411BD667FB00B74C56 /* Credits.rtf */,
				0ACB69621BCD02E500268E8E /* Assets.xcassets */,
				0ACB69671BCD02E500268E8E /* Info.plist */,
				0ACB69641BCD02E500268E8E /* MainMenu.xib */,
				0ACB699F1BCD546E00268E8E /* FeelEmoticon.xib */,
				0ACB698A1BCD099D00268E8E /* BrowserWindow.xib */,
				0A41F5831BD5312600363583 /* HeaderView.xib */,
				0ACB69A21BCD564C00268E8E /* Feels.plist */,
				0A5E66611BD8048E002362C2 /* FunnyPlaceholders.plist */,
			);
			name = Resources;
			sourceTree = "<group>";
		};
		0ACB69921BCD0EC700268E8E /* Browser */ = {
			isa = PBXGroup;
			children = (
				0ACB69931BCD285D00268E8E /* BrowserCoordinator.h */,
				0ACB69941BCD285D00268E8E /* BrowserCoordinator.m */,
				0ACB698F1BCD0B5100268E8E /* BrowserWindowController.h */,
				0ACB69901BCD0B5100268E8E /* BrowserWindowController.m */,
				0ACB699D1BCD546E00268E8E /* FeelViewItem.h */,
				0ACB699E1BCD546E00268E8E /* FeelViewItem.m */,
				0AC67BC01BDDF8AD00D549F2 /* EmoticonValueTransformer.h */,
				0AC67BC11BDDF8AD00D549F2 /* EmoticonValueTransformer.m */,
				0A8FE5FE1BE0A07100355ECD /* Rendering */,
				0ACB69A41BCD636900268E8E /* Model */,
				0A563B261BCE8FD800A34B8D /* View */,
				0A563B2F1BCF907000A34B8D /* NSArray+Stuff.h */,
				0A563B301BCF907000A34B8D /* NSArray+Stuff.m */,
			);
			name = Browser;
			sourceTree = "<group>";
		};
		0ACB69A41BCD636900268E8E /* Model */ = {
			isa = PBXGroup;
			children = (
				0ACB699A1BCD383C00268E8E /* Feel.h */,
				0ACB699B1BCD383C00268E8E /* Feel.m */,
				0A41F5881BD53CE200363583 /* Section.h */,
				0A41F5891BD53CE200363583 /* Section.m */,
				0A41F5851BD5361900363583 /* DataLense.h */,
				0A41F5861BD5361900363583 /* DataLense.m */,
			);
			name = Model;
			sourceTree = "<group>";
		};
/* End PBXGroup section */

/* Begin PBXNativeTarget section */
		0ACB69581BCD02E500268E8E /* Daruma */ = {
			isa = PBXNativeTarget;
			buildConfigurationList = 0ACB69801BCD02E500268E8E /* Build configuration list for PBXNativeTarget "Daruma" */;
			buildPhases = (
				0ACB69551BCD02E500268E8E /* Sources */,
				0ACB69561BCD02E500268E8E /* Frameworks */,
				0ACB69571BCD02E500268E8E /* Resources */,
			);
			buildRules = (
			);
			dependencies = (
			);
			name = Daruma;
			productName = Feels;
			productReference = 0ACB69591BCD02E500268E8E /* Daruma.app */;
			productType = "com.apple.product-type.application";
		};
/* End PBXNativeTarget section */

/* Begin PBXProject section */
		0ACB69511BCD02E500268E8E /* Project object */ = {
			isa = PBXProject;
			attributes = {
				LastUpgradeCheck = 0710;
				ORGANIZATIONNAME = "Internals Exposed";
				TargetAttributes = {
					0ACB69581BCD02E500268E8E = {
						CreatedOnToolsVersion = 7.1;
					};
				};
			};
			buildConfigurationList = 0ACB69541BCD02E500268E8E /* Build configuration list for PBXProject "Daruma" */;
			compatibilityVersion = "Xcode 3.2";
			developmentRegion = English;
			hasScannedForEncodings = 0;
			knownRegions = (
				en,
				Base,
			);
			mainGroup = 0ACB69501BCD02E500268E8E;
			productRefGroup = 0ACB695A1BCD02E500268E8E /* Products */;
			projectDirPath = "";
			projectRoot = "";
			targets = (
				0ACB69581BCD02E500268E8E /* Daruma */,
			);
		};
/* End PBXProject section */

/* Begin PBXResourcesBuildPhase section */
		0ACB69571BCD02E500268E8E /* Resources */ = {
			isa = PBXResourcesBuildPhase;
			buildActionMask = 2147483647;
			files = (
				0ACB69A31BCD564C00268E8E /* Feels.plist in Resources */,
				0AFD5D421BD667FB00B74C56 /* Credits.rtf in Resources */,
				0ACB698B1BCD099D00268E8E /* BrowserWindow.xib in Resources */,
				0ACB69631BCD02E500268E8E /* Assets.xcassets in Resources */,
				0A41F5841BD5312600363583 /* HeaderView.xib in Resources */,
				0ACB69661BCD02E500268E8E /* MainMenu.xib in Resources */,
				0ACB69A11BCD546E00268E8E /* FeelEmoticon.xib in Resources */,
				0A5E66621BD8048E002362C2 /* FunnyPlaceholders.plist in Resources */,
			);
			runOnlyForDeploymentPostprocessing = 0;
		};
/* End PBXResourcesBuildPhase section */

/* Begin PBXSourcesBuildPhase section */
		0ACB69551BCD02E500268E8E /* Sources */ = {
			isa = PBXSourcesBuildPhase;
			buildActionMask = 2147483647;
			files = (
				0A41F5821BD52FEC00363583 /* HeaderView.m in Sources */,
				0AC67BC81BDE360D00D549F2 /* NSFont+EmoticonFont.m in Sources */,
				0ACB69911BCD0B5100268E8E /* BrowserWindowController.m in Sources */,
				0AC67BC21BDDF8AD00D549F2 /* EmoticonValueTransformer.m in Sources */,
				0ACB698E1BCD0A5200268E8E /* App.m in Sources */,
				0A563B291BCE900E00A34B8D /* FeelEmoticonView.m in Sources */,
				0A41F5871BD5361900363583 /* DataLense.m in Sources */,
				0AC67BCB1BDE372C00D549F2 /* NSString+EmoticonSize.m in Sources */,
				0ACB69611BCD02E500268E8E /* main.m in Sources */,
				0A563B311BCF907000A34B8D /* NSArray+Stuff.m in Sources */,
				0ACB699C1BCD383C00268E8E /* Feel.m in Sources */,
				0ACB69951BCD285D00268E8E /* BrowserCoordinator.m in Sources */,
				0ACB695E1BCD02E500268E8E /* AppDelegate.m in Sources */,
				0AC67BD41BDF89D400D549F2 /* EmoticonRenderer.m in Sources */,
				0A4DE1131BD7A1B20069764F /* ResponsiveCollectionView.m in Sources */,
				0A41F58A1BD53CE200363583 /* Section.m in Sources */,
				0A563B371BCFCC3900A34B8D /* CollectionViewBrowserLayout.m in Sources */,
				0ACB69A01BCD546E00268E8E /* FeelViewItem.m in Sources */,
			);
			runOnlyForDeploymentPostprocessing = 0;
		};
/* End PBXSourcesBuildPhase section */

/* Begin PBXVariantGroup section */
		0ACB69641BCD02E500268E8E /* MainMenu.xib */ = {
			isa = PBXVariantGroup;
			children = (
				0ACB69651BCD02E500268E8E /* Base */,
			);
			name = MainMenu.xib;
			sourceTree = "<group>";
		};
/* End PBXVariantGroup section */

/* Begin XCBuildConfiguration section */
		0ACB697E1BCD02E500268E8E /* Debug */ = {
			isa = XCBuildConfiguration;
			buildSettings = {
				ALWAYS_SEARCH_USER_PATHS = NO;
				CLANG_CXX_LANGUAGE_STANDARD = "gnu++0x";
				CLANG_CXX_LIBRARY = "libc++";
				CLANG_ENABLE_MODULES = YES;
				CLANG_ENABLE_OBJC_ARC = YES;
				CLANG_WARN_BOOL_CONVERSION = YES;
				CLANG_WARN_CONSTANT_CONVERSION = YES;
				CLANG_WARN_DIRECT_OBJC_ISA_USAGE = YES_ERROR;
				CLANG_WARN_EMPTY_BODY = YES;
				CLANG_WARN_ENUM_CONVERSION = YES;
				CLANG_WARN_INT_CONVERSION = YES;
				CLANG_WARN_OBJC_ROOT_CLASS = YES_ERROR;
				CLANG_WARN_UNREACHABLE_CODE = YES;
				CLANG_WARN__DUPLICATE_METHOD_MATCH = YES;
				CODE_SIGN_IDENTITY = "-";
				COPY_PHASE_STRIP = NO;
				DEBUG_INFORMATION_FORMAT = dwarf;
				ENABLE_STRICT_OBJC_MSGSEND = YES;
				ENABLE_TESTABILITY = YES;
				GCC_C_LANGUAGE_STANDARD = gnu99;
				GCC_DYNAMIC_NO_PIC = NO;
				GCC_NO_COMMON_BLOCKS = YES;
				GCC_OPTIMIZATION_LEVEL = 0;
				GCC_PREPROCESSOR_DEFINITIONS = (
					"DEBUG=1",
					"$(inherited)",
				);
				GCC_WARN_64_TO_32_BIT_CONVERSION = YES;
				GCC_WARN_ABOUT_RETURN_TYPE = YES_ERROR;
				GCC_WARN_UNDECLARED_SELECTOR = YES;
				GCC_WARN_UNINITIALIZED_AUTOS = YES_AGGRESSIVE;
				GCC_WARN_UNUSED_FUNCTION = YES;
				GCC_WARN_UNUSED_VARIABLE = YES;
				MACOSX_DEPLOYMENT_TARGET = 10.11;
				MTL_ENABLE_DEBUG_INFO = YES;
				ONLY_ACTIVE_ARCH = YES;
				SDKROOT = macosx;
			};
			name = Debug;
		};
		0ACB697F1BCD02E500268E8E /* Release */ = {
			isa = XCBuildConfiguration;
			buildSettings = {
				ALWAYS_SEARCH_USER_PATHS = NO;
				CLANG_CXX_LANGUAGE_STANDARD = "gnu++0x";
				CLANG_CXX_LIBRARY = "libc++";
				CLANG_ENABLE_MODULES = YES;
				CLANG_ENABLE_OBJC_ARC = YES;
				CLANG_WARN_BOOL_CONVERSION = YES;
				CLANG_WARN_CONSTANT_CONVERSION = YES;
				CLANG_WARN_DIRECT_OBJC_ISA_USAGE = YES_ERROR;
				CLANG_WARN_EMPTY_BODY = YES;
				CLANG_WARN_ENUM_CONVERSION = YES;
				CLANG_WARN_INT_CONVERSION = YES;
				CLANG_WARN_OBJC_ROOT_CLASS = YES_ERROR;
				CLANG_WARN_UNREACHABLE_CODE = YES;
				CLANG_WARN__DUPLICATE_METHOD_MATCH = YES;
				CODE_SIGN_IDENTITY = "-";
				COPY_PHASE_STRIP = NO;
				DEBUG_INFORMATION_FORMAT = "dwarf-with-dsym";
				ENABLE_NS_ASSERTIONS = NO;
				ENABLE_STRICT_OBJC_MSGSEND = YES;
				GCC_C_LANGUAGE_STANDARD = gnu99;
				GCC_NO_COMMON_BLOCKS = YES;
				GCC_WARN_64_TO_32_BIT_CONVERSION = YES;
				GCC_WARN_ABOUT_RETURN_TYPE = YES_ERROR;
				GCC_WARN_UNDECLARED_SELECTOR = YES;
				GCC_WARN_UNINITIALIZED_AUTOS = YES_AGGRESSIVE;
				GCC_WARN_UNUSED_FUNCTION = YES;
				GCC_WARN_UNUSED_VARIABLE = YES;
				MACOSX_DEPLOYMENT_TARGET = 10.11;
				MTL_ENABLE_DEBUG_INFO = NO;
				SDKROOT = macosx;
			};
			name = Release;
		};
		0ACB69811BCD02E500268E8E /* Debug */ = {
			isa = XCBuildConfiguration;
			buildSettings = {
				ASSETCATALOG_COMPILER_APPICON_NAME = AppIcon;
				COMBINE_HIDPI_IMAGES = YES;
				INFOPLIST_FILE = Daruma/Info.plist;
				LD_RUNPATH_SEARCH_PATHS = "$(inherited) @executable_path/../Frameworks";
				PRODUCT_BUNDLE_IDENTIFIER = exposed.internals.Daruma;
				PRODUCT_NAME = Daruma;
				WARNING_CFLAGS = (
					"-Wall",
					"-Wfloat-equal",
					"-Wimplicit-retain-self",
					"-Wnewline-eof",
					"-Wshadow",
					"-Wundef",
				);
			};
			name = Debug;
		};
		0ACB69821BCD02E500268E8E /* Release */ = {
			isa = XCBuildConfiguration;
			buildSettings = {
				ASSETCATALOG_COMPILER_APPICON_NAME = AppIcon;
				COMBINE_HIDPI_IMAGES = YES;
				GCC_PREPROCESSOR_DEFINITIONS = "NDEBUG=1";
				INFOPLIST_FILE = Daruma/Info.plist;
				LD_RUNPATH_SEARCH_PATHS = "$(inherited) @executable_path/../Frameworks";
				PRODUCT_BUNDLE_IDENTIFIER = exposed.internals.Daruma;
				PRODUCT_NAME = Daruma;
				WARNING_CFLAGS = (
					"-Wall",
					"-Wfloat-equal",
					"-Wimplicit-retain-self",
					"-Wnewline-eof",
					"-Wshadow",
					"-Wundef",
				);
			};
			name = Release;
		};
/* End XCBuildConfiguration section */

/* Begin XCConfigurationList section */
		0ACB69541BCD02E500268E8E /* Build configuration list for PBXProject "Daruma" */ = {
			isa = XCConfigurationList;
			buildConfigurations = (
				0ACB697E1BCD02E500268E8E /* Debug */,
				0ACB697F1BCD02E500268E8E /* Release */,
			);
			defaultConfigurationIsVisible = 0;
			defaultConfigurationName = Release;
		};
		0ACB69801BCD02E500268E8E /* Build configuration list for PBXNativeTarget "Daruma" */ = {
			isa = XCConfigurationList;
			buildConfigurations = (
				0ACB69811BCD02E500268E8E /* Debug */,
				0ACB69821BCD02E500268E8E /* Release */,
			);
			defaultConfigurationIsVisible = 0;
			defaultConfigurationName = Release;
		};
/* End XCConfigurationList section */
	};
	rootObject = 0ACB69511BCD02E500268E8E /* Project object */;
}
